github.com/ebitengine/purego v0.10.0 h1:QIw4xfpWT6GWTzaW5XEKy3HXoqrJGx1ijYHzTF0/ISU=
github.com/ebitengine/purego v0.10.0/go.mod h1:iIjxzd6CiRiOG0UyXP+V1+jWqUXVjPKLAI0mRfJZTmQ=
golang.org/x/sys v0.7.0 h1:3jlCCIQZPdOYu1h8BkNvLz8Kgwtae2cagcG/VamtZRU=
golang.org/x/sys v0.7.0/go.mod h1:oPkhp1MJrh7nUepCBck5+mAzfO9JrbApNNgaTdGDITg=
